
Microsoft Visual Studio Solution File, Format Version 12.00
# Visual Studio Version 17
VisualStudioVersion = 17.0.31912.275
MinimumVisualStudioVersion = 10.0.40219.1
Project("{FAE04EC0-301F-11D3-BF4B-00C04F79EFBC}") = "resturnat", "resturnat.csproj", "{0189D80A-1374-43A2-B4F5-2272BB60C3EC}"
EndProject
Global
	GlobalSection(SolutionConfigurationPlatforms) = preSolution
		Debug|Any CPU = Debug|Any CPU
		Release|Any CPU = Release|Any CPU
	EndGlobalSection
	GlobalSection(ProjectConfigurationPlatforms) = postSolution
		{0189D80A-1374-43A2-B4F5-2272BB60C3EC}.Debug|Any CPU.ActiveCfg = Debug|Any CPU
		{0189D80A-1374-43A2-B4F5-2272BB60C3EC}.Debug|Any CPU.Build.0 = Debug|Any CPU
		{0189D80A-1374-43A2-B4F5-2272BB60C3EC}.Release|Any CPU.ActiveCfg = Release|Any CPU
		{0189D80A-1374-43A2-B4F5-2272BB60C3EC}.Release|Any CPU.Build.0 = Release|Any CPU
	EndGlobalSection
	GlobalSection(SolutionProperties) = preSolution
		HideSolutionNode = FALSE
	EndGlobalSection
	GlobalSection(ExtensibilityGlobals) = postSolution
		SolutionGuid = {36222461-8975-4343-A046-1EF6A9D5D234}
	EndGlobalSection
EndGlobal
